# THIS IS AN AUTOGENERATED FILE. DO NOT EDIT THIS FILE DIRECTLY.
# yarn lockfile v1


"@remix-run/router@1.14.0":
  version "1.14.0"
  resolved "https://registry.yarnpkg.com/@remix-run/router/-/router-1.14.0.tgz#9bc39a5a3a71b81bdb310eba6def5bc3966695b7"
  integrity sha512-WOHih+ClN7N8oHk9N4JUiMxQJmRVaOxcg8w7F/oHUXzJt920ekASLI/7cYX8XkntDWRhLZtsk6LbGrkgOAvi5A==

bootstrap@^5.3.2:
  version "5.3.2"
  resolved "https://registry.yarnpkg.com/bootstrap/-/bootstrap-5.3.2.tgz#97226583f27aae93b2b28ab23f4c114757ff16ae"
  integrity sha512-D32nmNWiQHo94BKHLmOrdjlL05q1c8oxbtBphQFb9Z5to6eGRDCm0QgeaZ4zFBHzfg2++rqa2JkqCcxDy0sH0g==

jquery@^3.7.1:
  version "3.7.1"
  resolved "https://registry.yarnpkg.com/jquery/-/jquery-3.7.1.tgz#083ef98927c9a6a74d05a6af02806566d16274de"
  integrity sha512-m4avr8yL8kmFN8psrbFFFmB/If14iN5o9nw/NgnnM+kybDJpRsAynV2BsfpTYrTRysYUdADVD7CkUUizgkpLfg==

popper.js@^1.16.1:
  version "1.16.1"
  resolved "https://registry.yarnpkg.com/popper.js/-/popper.js-1.16.1.tgz#2a223cb3dc7b6213d740e40372be40de43e65b1b"
  integrity sha512-Wb4p1J4zyFTbM+u6WuO4XstYx4Ky9Cewe4DWrel7B0w6VVICvPwdOpotjzcf6eD8TsckVnIMNONQyPIUFOUbCQ==

react-router-dom@^6.21.0:
  version "6.21.0"
  resolved "https://registry.yarnpkg.com/react-router-dom/-/react-router-dom-6.21.0.tgz#aa4c6bc046a8e8723095bc09b3c0ab2254532712"
  integrity sha512-1dUdVj3cwc1npzJaf23gulB562ESNvxf7E4x8upNJycqyUm5BRRZ6dd3LrlzhtLaMrwOCO8R0zoiYxdaJx4LlQ==
  dependencies:
    "@remix-run/router" "1.14.0"
    react-router "6.21.0"

react-router@6.21.0:
  version "6.21.0"
  resolved "https://registry.yarnpkg.com/react-router/-/react-router-6.21.0.tgz#6fe3e59877aca3dccceec1801d26991ddf42d12b"
  integrity sha512-hGZ0HXbwz3zw52pLZV3j3+ec+m/PQ9cTpBvqjFQmy2XVUWGn5MD+31oXHb6dVTxYzmAeaiUBYjkoNz66n3RGCg==
  dependencies:
    "@remix-run/router" "1.14.0"
